<?xml version="1.0" encoding="utf-8"?>
<Project ToolsVersion="4.0" xmlns="http://schemas.microsoft.com/developer/msbuild/2003">
  <ItemGroup>
    <Filter Include="Source files">
      <UniqueIdentifier>{b9e04b23-b752-421b-bced-1634ca1eb87a}</UniqueIdentifier>
      <Extensions>cpp;c;cc;cxx;def;odl;idl;hpj;bat;asm;asmx</Extensions>
    </Filter>
    <Filter Include="Header files">
      <UniqueIdentifier>{9dea1a50-e22c-4ba2-ac12-ec820689ae34}</UniqueIdentifier>
      <Extensions>h;hpp;hxx;hm;inl;inc;xsd</Extensions>
    </Filter>
    <Filter Include="Resource files">
      <UniqueIdentifier>{c0d4005e-cd2f-4e61-adba-c4debd641bbe}</UniqueIdentifier>
      <Extensions>rc;ico;cur;bmp;dlg;rc2;rct;bin;rgs;gif;jpg;jpeg;jpe;resx;tiff;tif;png;wav</Extensions>
    </Filter>
    <Filter Include="Make files">
      <UniqueIdentifier>{ee902ff3-0d66-43d8-85bd-19809754b4d0}</UniqueIdentifier>
      <Extensions>*.mak</Extensions>
    </Filter>
  </ItemGroup>
  <ItemGroup>
    <None Include="Makefile" />
    <None Include="debug.mak">
      <Filter>Make files</Filter>
    </None>
    <None Include="release.mak">
      <Filter>Make files</Filter>
    </None>
  </ItemGroup>
  <ItemGroup>
    <ClInclude Include="include\event_dispatcher.hpp">
      <Filter>Header files</Filter>
    </ClInclude>
    <ClInclude Include="include\event_dispatcher_object.hpp">
      <Filter>Header files</Filter>
    </ClInclude>
    <ClInclude Include="include\pplx\pplx.h">
      <Filter>Header files</Filter>
    </ClInclude>
    <ClInclude Include="include\pplx\pplxcancellation_token.h">
      <Filter>Header files</Filter>
    </ClInclude>
    <ClInclude Include="include\pplx\pplxconv.h">
      <Filter>Header files</Filter>
    </ClInclude>
    <ClInclude Include="include\pplx\pplxinterface.h">
      <Filter>Header files</Filter>
    </ClInclude>
    <ClInclude Include="include\pplx\pplxlinux.h">
      <Filter>Header files</Filter>
    </ClInclude>
    <ClInclude Include="include\pplx\pplxtasks.h">
      <Filter>Header files</Filter>
    </ClInclude>
    <ClInclude Include="include\pplx\threadpool.h">
      <Filter>Header files</Filter>
    </ClInclude>
    <ClInclude Include="include\compat\linux_compat.h">
      <Filter>Header files</Filter>
    </ClInclude>
    <ClInclude Include="include\compat\nosal.h">
      <Filter>Header files</Filter>
    </ClInclude>
    <ClInclude Include="include\compat\pplxtasks.h">
      <Filter>Header files</Filter>
    </ClInclude>
    <ClInclude Include="include\compat\SafeInt3.hpp">
      <Filter>Header files</Filter>
    </ClInclude>
    <ClInclude Include="include\delegate.hpp">
      <Filter>Header files</Filter>
    </ClInclude>
    <ClInclude Include="include\event_dispatcher_frame.hpp">
      <Filter>Header files</Filter>
    </ClInclude>
    <ClInclude Include="include\event_dispatcher_timer.hpp">
      <Filter>Header files</Filter>
    </ClInclude>
    <ClInclude Include="include\net\dns.hpp">
      <Filter>Header files</Filter>
    </ClInclude>
    <ClInclude Include="include\net\stream_socket.hpp">
      <Filter>Header files</Filter>
    </ClInclude>
    <ClInclude Include="include\pplx\pplpp.hpp">
      <Filter>Header files</Filter>
    </ClInclude>
    <ClInclude Include="include\uvxx.hpp">
      <Filter>Header files</Filter>
    </ClInclude>
    <ClInclude Include="include\streams\xxpublic.h">
      <Filter>Header files</Filter>
    </ClInclude>
    <ClInclude Include="include\streams\streams.h">
      <Filter>Header files</Filter>
    </ClInclude>
    <ClInclude Include="include\streams\filestream.h">
      <Filter>Header files</Filter>
    </ClInclude>
    <ClInclude Include="include\streams\fileio.h">
      <Filter>Header files</Filter>
    </ClInclude>
    <ClInclude Include="include\streams\basic_types.h">
      <Filter>Header files</Filter>
    </ClInclude>
    <ClInclude Include="include\streams\asyncrt_utils.h">
      <Filter>Header files</Filter>
    </ClInclude>
    <ClInclude Include="include\streams\astreambuf.h">
      <Filter>Header files</Filter>
    </ClInclude>
    <ClInclude Include="include\net\details\_dns_impl.hpp">
      <Filter>Header files</Filter>
    </ClInclude>
    <ClInclude Include="include\net\details\_stream_socket_impl.hpp">
      <Filter>Header files</Filter>
    </ClInclude>
    <ClInclude Include="include\details\_event_dispatcher_frame_impl.hpp">
      <Filter>Header files</Filter>
    </ClInclude>
    <ClInclude Include="include\details\_event_dispatcher_impl.hpp">
      <Filter>Header files</Filter>
    </ClInclude>
    <ClInclude Include="include\details\_event_dispatcher_object_impl.hpp">
      <Filter>Header files</Filter>
    </ClInclude>
    <ClInclude Include="include\details\_event_dispatcher_timer_impl.hpp">
      <Filter>Header files</Filter>
    </ClInclude>
    <ClInclude Include="include\details\_utilities.hpp">
      <Filter>Header files</Filter>
    </ClInclude>
    <ClInclude Include="include\details\_uv_async.hpp">
      <Filter>Header files</Filter>
    </ClInclude>
    <ClInclude Include="include\details\_uv_handle.hpp">
      <Filter>Header files</Filter>
    </ClInclude>
    <ClInclude Include="include\details\_uv_loop.hpp">
      <Filter>Header files</Filter>
    </ClInclude>
    <ClInclude Include="include\details\_uv_net_functions.hpp">
      <Filter>Header files</Filter>
    </ClInclude>
    <ClInclude Include="include\details\_uv_stream.hpp">
      <Filter>Header files</Filter>
    </ClInclude>
    <ClInclude Include="include\details\_uv_tcp.hpp">
      <Filter>Header files</Filter>
    </ClInclude>
    <ClInclude Include="include\details\_uv_timer.hpp">
      <Filter>Header files</Filter>
    </ClInclude>
    <ClInclude Include="include\details\_uv_work.hpp">
      <Filter>Header files</Filter>
    </ClInclude>
    <ClInclude Include="include\details\_uvxx_internal.hpp">
      <Filter>Header files</Filter>
    </ClInclude>
    <ClInclude Include="include\details\_uvxx_loop_callback.hpp">
      <Filter>Header files</Filter>
    </ClInclude>
    <ClInclude Include="include\uvxx_exception.hpp">
      <Filter>Header files</Filter>
    </ClInclude>
    <ClInclude Include="include\details\_uv_file.hpp">
      <Filter>Header files</Filter>
    </ClInclude>
    <ClInclude Include="include\fs\file.hpp">
      <Filter>Header files</Filter>
    </ClInclude>
    <ClInclude Include="include\fs\details\_file_impl.hpp">
      <Filter>Header files</Filter>
    </ClInclude>
    <ClInclude Include="include\io\memory_buffer.hpp">
      <Filter>Header files</Filter>
    </ClInclude>
    <ClInclude Include="include\details\ltalloc\ltalloc.h">
      <Filter>Header files</Filter>
    </ClInclude>
  </ItemGroup>
  <ItemGroup>
    <ClCompile Include="src\pplx\pplx.cpp">
      <Filter>Source files</Filter>
    </ClCompile>
    <ClCompile Include="src\pplx\threadpool.cpp">
      <Filter>Source files</Filter>
    </ClCompile>
    <ClCompile Include="src\pplx\linux\pplxlinux.cpp">
      <Filter>Source files</Filter>
    </ClCompile>
    <ClCompile Include="src\pplx\pplxtasks.cpp">
      <Filter>Source files</Filter>
    </ClCompile>
    <ClCompile Include="src\event_dispatcher.cpp">
      <Filter>Source files</Filter>
    </ClCompile>
    <ClCompile Include="src\event_dispatcher_frame.cpp">
      <Filter>Source files</Filter>
    </ClCompile>
    <ClCompile Include="src\event_dispatcher_object.cpp">
      <Filter>Source files</Filter>
    </ClCompile>
    <ClCompile Include="src\event_dispatcher_timer.cpp">
      <Filter>Source files</Filter>
    </ClCompile>
    <ClCompile Include="src\net\dns.cpp">
      <Filter>Source files</Filter>
    </ClCompile>
    <ClCompile Include="src\net\stream_socket.cpp">
      <Filter>Source files</Filter>
    </ClCompile>
    <ClCompile Include="src\streams\fileio.cpp">
      <Filter>Source files</Filter>
    </ClCompile>
    <ClCompile Include="src\uvxx_exception.cpp">
      <Filter>Source files</Filter>
    </ClCompile>
    <ClCompile Include="src\net\details\_stream_socket_impl.cpp">
      <Filter>Source files</Filter>
    </ClCompile>
    <ClCompile Include="src\net\details\_dns_impl.cpp">
      <Filter>Source files</Filter>
    </ClCompile>
    <ClCompile Include="src\details\_event_dispatcher_frame_impl.cpp">
      <Filter>Source files</Filter>
    </ClCompile>
    <ClCompile Include="src\details\_event_dispatcher_impl.cpp">
      <Filter>Source files</Filter>
    </ClCompile>
    <ClCompile Include="src\details\_event_dispatcher_object_impl.cpp">
      <Filter>Source files</Filter>
    </ClCompile>
    <ClCompile Include="src\details\_event_dispatcher_timer_impl.cpp">
      <Filter>Source files</Filter>
    </ClCompile>
    <ClCompile Include="src\details\_uv_async.cpp">
      <Filter>Source files</Filter>
    </ClCompile>
    <ClCompile Include="src\details\_uv_loop.cpp">
      <Filter>Source files</Filter>
    </ClCompile>
    <ClCompile Include="src\details\_uv_net_functions.cpp">
      <Filter>Source files</Filter>
    </ClCompile>
    <ClCompile Include="src\details\_uv_tcp.cpp">
      <Filter>Source files</Filter>
    </ClCompile>
    <ClCompile Include="src\details\_uv_timer.cpp">
      <Filter>Source files</Filter>
    </ClCompile>
    <ClCompile Include="src\details\_uv_work.cpp">
      <Filter>Source files</Filter>
    </ClCompile>
    <ClCompile Include="src\io\memory_buffer.cpp">
      <Filter>Source files</Filter>
    </ClCompile>
    <ClCompile Include="src\fs\file.cpp">
      <Filter>Source files</Filter>
    </ClCompile>
    <ClCompile Include="src\fs\details\_file_impl.cpp">
      <Filter>Source files</Filter>
    </ClCompile>
    <ClCompile Include="src\details\_uv_file.cpp">
      <Filter>Source files</Filter>
    </ClCompile>
    <ClCompile Include="include\details\ltalloc\ltalloc.cc">
      <Filter>Source files</Filter>
    </ClCompile>
  </ItemGroup>
</Project>