<?xml version="1.0" encoding="utf-8"?>
<Project ToolsVersion="4.0" xmlns="http://schemas.microsoft.com/developer/msbuild/2003">
  <ItemGroup>
    <Filter Include="Source Files">
      <UniqueIdentifier>{4FC737F1-C7A5-4376-A066-2A32D752A2FF}</UniqueIdentifier>
      <Extensions>cpp;c;cc;cxx;def;odl;idl;hpj;bat;asm;asmx</Extensions>
    </Filter>
    <Filter Include="Header Files">
      <UniqueIdentifier>{93995380-89BD-4b04-88EB-625FBE52EBFB}</UniqueIdentifier>
      <Extensions>h;hh;hpp;hxx;hm;inl;inc;xsd</Extensions>
    </Filter>
    <Filter Include="Resource Files">
      <UniqueIdentifier>{67DA6AB6-F800-4c08-8B7A-83BB121AAD01}</UniqueIdentifier>
      <Extensions>rc;ico;cur;bmp;dlg;rc2;rct;bin;rgs;gif;jpg;jpeg;jpe;resx;tiff;tif;png;wav;mfcribbon-ms</Extensions>
    </Filter>
  </ItemGroup>
  <ItemGroup>
    <ClInclude Include="include\rtsp_client.hpp">
      <Filter>Header Files</Filter>
    </ClInclude>
    <ClInclude Include="include\details\_rtsp_client_impl.hpp">
      <Filter>Header Files</Filter>
    </ClInclude>
    <ClInclude Include="include\details\_live_rtsp_client.hpp">
      <Filter>Header Files</Filter>
    </ClInclude>
    <ClInclude Include="include\media_session.hpp">
      <Filter>Header Files</Filter>
    </ClInclude>
    <ClInclude Include="include\details\_media_session_impl.hpp">
      <Filter>Header Files</Filter>
    </ClInclude>
    <ClInclude Include="include\details\_streaming_media_session_impl.hpp">
      <Filter>Header Files</Filter>
    </ClInclude>
    <ClInclude Include="include\streaming_media_session.hpp">
      <Filter>Header Files</Filter>
    </ClInclude>
    <ClInclude Include="include\details\_live_authenticator.hpp">
      <Filter>Header Files</Filter>
    </ClInclude>
    <ClInclude Include="include\rtsp_exceptions.hpp">
      <Filter>Header Files</Filter>
    </ClInclude>
    <ClInclude Include="include\media_sample.hpp">
      <Filter>Header Files</Filter>
    </ClInclude>
    <ClInclude Include="include\details\_media_sample_impl.hpp">
      <Filter>Header Files</Filter>
    </ClInclude>
    <ClInclude Include="include\rtsp_misc.hpp">
      <Filter>Header Files</Filter>
    </ClInclude>
    <ClInclude Include="include\details\media_framers\_h264_framer.hpp">
      <Filter>Header Files</Filter>
    </ClInclude>
    <ClInclude Include="include\media_attributes.hpp">
      <Filter>Header Files</Filter>
    </ClInclude>
    <ClInclude Include="include\details\_uvxx_task_scheduler.hpp">
      <Filter>Header Files</Filter>
    </ClInclude>
    <ClInclude Include="include\details\media_framers\h26x\sps_parser.hpp">
      <Filter>Header Files</Filter>
    </ClInclude>
    <ClInclude Include="include\details\media_framers\_media_framer_base.hpp">
      <Filter>Header Files</Filter>
    </ClInclude>
  </ItemGroup>
  <ItemGroup>
    <ClCompile Include="src\details\_uvxx_task_scheduler.cpp">
      <Filter>Source Files</Filter>
    </ClCompile>
    <ClCompile Include="src\details\_rtsp_client_impl.cpp">
      <Filter>Source Files</Filter>
    </ClCompile>
    <ClCompile Include="src\details\_live_rtsp_client.cpp">
      <Filter>Source Files</Filter>
    </ClCompile>
    <ClCompile Include="src\rtsp_client.cpp">
      <Filter>Source Files</Filter>
    </ClCompile>
    <ClCompile Include="src\media_session.cpp">
      <Filter>Source Files</Filter>
    </ClCompile>
    <ClCompile Include="src\details\_media_session_impl.cpp">
      <Filter>Source Files</Filter>
    </ClCompile>
    <ClCompile Include="src\details\_streaming_media_session_impl.cpp">
      <Filter>Source Files</Filter>
    </ClCompile>
    <ClCompile Include="src\streaming_media_session.cpp">
      <Filter>Source Files</Filter>
    </ClCompile>
    <ClCompile Include="src\details\_media_sample_impl.cpp">
      <Filter>Source Files</Filter>
    </ClCompile>
    <ClCompile Include="src\media_sample.cpp">
      <Filter>Source Files</Filter>
    </ClCompile>
    <ClCompile Include="src\details\media_framers\_media_framer_base.cpp">
      <Filter>Source Files</Filter>
    </ClCompile>
    <ClCompile Include="src\details\media_framers\_h264_framer.cpp">
      <Filter>Source Files</Filter>
    </ClCompile>
    <ClCompile Include="src\details\media_framers\h26x\sps_parser.cpp">
      <Filter>Source Files</Filter>
    </ClCompile>
  </ItemGroup>
</Project>