<?xml version="1.0" encoding="utf-8"?>
<Project ToolsVersion="4.0" xmlns="http://schemas.microsoft.com/developer/msbuild/2003">
  <ItemGroup>
    <Filter Include="Source files">
      <UniqueIdentifier>{d77e3e58-0e9a-4f5d-ae43-ce0eb07e9282}</UniqueIdentifier>
      <Extensions>cpp;c;cc;cxx;def;odl;idl;hpj;bat;asm;asmx</Extensions>
    </Filter>
    <Filter Include="Header files">
      <UniqueIdentifier>{20728cfb-94ae-4daa-a85e-7345ed037a22}</UniqueIdentifier>
      <Extensions>h;hpp;hxx;hm;inl;inc;xsd</Extensions>
    </Filter>
    <Filter Include="Resource files">
      <UniqueIdentifier>{8aa3719f-f6db-43d0-8c06-f31e00a6f379}</UniqueIdentifier>
      <Extensions>rc;ico;cur;bmp;dlg;rc2;rct;bin;rgs;gif;jpg;jpeg;jpe;resx;tiff;tif;png;wav</Extensions>
    </Filter>
    <Filter Include="Make files">
      <UniqueIdentifier>{60a1e5d8-ddb8-4a11-9448-3518ee6d1007}</UniqueIdentifier>
      <Extensions>*.mak</Extensions>
    </Filter>
  </ItemGroup>
  <ItemGroup>
    <None Include="Makefile" />
    <None Include="debug.mak">
      <Filter>Make files</Filter>
    </None>
    <None Include="release.mak">
      <Filter>Make files</Filter>
    </None>
  </ItemGroup>
  <ItemGroup>
    <ClInclude Include="include\media_sample.hpp">
      <Filter>Header files</Filter>
    </ClInclude>
    <ClInclude Include="include\media_session.hpp">
      <Filter>Header files</Filter>
    </ClInclude>
    <ClInclude Include="include\rtsp_client.hpp">
      <Filter>Header files</Filter>
    </ClInclude>
    <ClInclude Include="include\rtsp_exceptions.hpp">
      <Filter>Header files</Filter>
    </ClInclude>
    <ClInclude Include="include\rtsp_misc.hpp">
      <Filter>Header files</Filter>
    </ClInclude>
    <ClInclude Include="include\sample_attributes.hpp">
      <Filter>Header files</Filter>
    </ClInclude>
    <ClInclude Include="include\details\_uvxx_task_scheduler.hpp">
      <Filter>Header files</Filter>
    </ClInclude>
    <ClInclude Include="include\details\_live_authenticator.hpp">
      <Filter>Header files</Filter>
    </ClInclude>
    <ClInclude Include="include\details\_live_rtsp_client.hpp">
      <Filter>Header files</Filter>
    </ClInclude>
    <ClInclude Include="include\details\_media_sample_impl.hpp">
      <Filter>Header files</Filter>
    </ClInclude>
    <ClInclude Include="include\details\_media_session_impl.hpp">
      <Filter>Header files</Filter>
    </ClInclude>
    <ClInclude Include="include\details\_rtsp_client_impl.hpp">
      <Filter>Header files</Filter>
    </ClInclude>
    <ClInclude Include="include\details\_streaming_media_session_impl.hpp">
      <Filter>Header files</Filter>
    </ClInclude>
    <ClInclude Include="include\details\media_framers\h26x\sps_parser.hpp">
      <Filter>Header files</Filter>
    </ClInclude>
    <ClInclude Include="include\details\media_framers\_h264_framer.hpp">
      <Filter>Header files</Filter>
    </ClInclude>
    <ClInclude Include="include\details\media_framers\_media_framer_base.hpp">
      <Filter>Header files</Filter>
    </ClInclude>
    <ClInclude Include="include\details\media_framers\_qos_stats.hpp">
      <Filter>Header files</Filter>
    </ClInclude>
    <ClInclude Include="include\stream_statistics.hpp">
      <Filter>Header files</Filter>
    </ClInclude>
    <ClInclude Include="include\details\media_framers\_g711_audio_framer.hpp">
      <Filter>Header files</Filter>
    </ClInclude>
    <ClInclude Include="include\rtsp_server.hpp">
      <Filter>Header files</Filter>
    </ClInclude>
    <ClInclude Include="include\details\_live_rtsp_server.hpp">
      <Filter>Header files</Filter>
    </ClInclude>
    <ClInclude Include="include\details\_rtsp_server_impl.hpp">
      <Filter>Header files</Filter>
    </ClInclude>
    <ClInclude Include="src\details\_rtsp_client_impl_helpers.hpp">
      <Filter>Header files</Filter>
    </ClInclude>
    <ClInclude Include="include\server_media_session.hpp">
      <Filter>Header files</Filter>
    </ClInclude>
    <ClInclude Include="include\details\_h264_media_subsession.hpp">
      <Filter>Header files</Filter>
    </ClInclude>
    <ClInclude Include="include\details\_live_server_media_session.hpp">
      <Filter>Header files</Filter>
    </ClInclude>
    <ClInclude Include="include\details\_server_media_session_impl.hpp">
      <Filter>Header files</Filter>
    </ClInclude>
    <ClInclude Include="include\media_attributes.hpp">
      <Filter>Header files</Filter>
    </ClInclude>
    <ClInclude Include="include\media_descriptor.hpp">
      <Filter>Header files</Filter>
    </ClInclude>
    <ClInclude Include="include\details\_h264_framed_source.hpp">
      <Filter>Header files</Filter>
    </ClInclude>
    <ClInclude Include="include\details\_live_common.hpp">
      <Filter>Header files</Filter>
    </ClInclude>
    <ClInclude Include="include\details\_live_environment_base.hpp">
      <Filter>Header files</Filter>
    </ClInclude>
    <ClInclude Include="include\details\_live_framed_source.hpp">
      <Filter>Header files</Filter>
    </ClInclude>
    <ClInclude Include="include\details\_media_attributes_impl.h">
      <Filter>Header files</Filter>
    </ClInclude>
    <ClInclude Include="include\details\_media_descriptor_impl.hpp">
      <Filter>Header files</Filter>
    </ClInclude>
  </ItemGroup>
  <ItemGroup>
    <ClCompile Include="src\details\media_framers\h26x\sps_parser.cpp">
      <Filter>Source files</Filter>
    </ClCompile>
    <ClCompile Include="src\details\media_framers\_h264_framer.cpp">
      <Filter>Source files</Filter>
    </ClCompile>
    <ClCompile Include="src\details\media_framers\_media_framer_base.cpp">
      <Filter>Source files</Filter>
    </ClCompile>
    <ClCompile Include="src\details\_live_rtsp_client.cpp">
      <Filter>Source files</Filter>
    </ClCompile>
    <ClCompile Include="src\details\_media_sample_impl.cpp">
      <Filter>Source files</Filter>
    </ClCompile>
    <ClCompile Include="src\details\_media_session_impl.cpp">
      <Filter>Source files</Filter>
    </ClCompile>
    <ClCompile Include="src\details\_rtsp_client_impl.cpp">
      <Filter>Source files</Filter>
    </ClCompile>
    <ClCompile Include="src\details\_streaming_media_session_impl.cpp">
      <Filter>Source files</Filter>
    </ClCompile>
    <ClCompile Include="src\details\_uvxx_task_scheduler.cpp">
      <Filter>Source files</Filter>
    </ClCompile>
    <ClCompile Include="src\media_sample.cpp">
      <Filter>Source files</Filter>
    </ClCompile>
    <ClCompile Include="src\media_session.cpp">
      <Filter>Source files</Filter>
    </ClCompile>
    <ClCompile Include="src\rtsp_client.cpp">
      <Filter>Source files</Filter>
    </ClCompile>
    <ClCompile Include="src\details\media_framers\_qos_stats.cpp">
      <Filter>Source files</Filter>
    </ClCompile>
    <ClCompile Include="src\details\_rtsp_server_impl.cpp">
      <Filter>Source files</Filter>
    </ClCompile>
    <ClCompile Include="src\details\_live_rtsp_server.cpp">
      <Filter>Source files</Filter>
    </ClCompile>
    <ClCompile Include="src\rtsp_server.cpp">
      <Filter>Source files</Filter>
    </ClCompile>
    <ClCompile Include="src\server_media_session.cpp">
      <Filter>Source files</Filter>
    </ClCompile>
    <ClCompile Include="src\details\_server_media_session_impl.cpp">
      <Filter>Source files</Filter>
    </ClCompile>
    <ClCompile Include="src\details\_live_server_media_session.cpp">
      <Filter>Source files</Filter>
    </ClCompile>
    <ClCompile Include="src\details\_h264_media_subsession.cpp">
      <Filter>Source files</Filter>
    </ClCompile>
    <ClCompile Include="src\details\_g711_audio_framer.cpp">
      <Filter>Source files</Filter>
    </ClCompile>
    <ClCompile Include="src\details\_live_common.cpp">
      <Filter>Source files</Filter>
    </ClCompile>
    <ClCompile Include="src\media_attributes.cpp">
      <Filter>Source files</Filter>
    </ClCompile>
    <ClCompile Include="src\media_descriptor.cpp">
      <Filter>Source files</Filter>
    </ClCompile>
    <ClCompile Include="src\details\_h264_framed_source.cpp">
      <Filter>Source files</Filter>
    </ClCompile>
    <ClCompile Include="src\details\_live_environment_base.cpp">
      <Filter>Source files</Filter>
    </ClCompile>
    <ClCompile Include="src\details\_live_framed_source.cpp">
      <Filter>Source files</Filter>
    </ClCompile>
    <ClCompile Include="src\details\_media_attributes_impl.cpp">
      <Filter>Source files</Filter>
    </ClCompile>
    <ClCompile Include="src\details\_media_descriptor_impl.cpp">
      <Filter>Source files</Filter>
    </ClCompile>
  </ItemGroup>
</Project>